
Microsoft Visual Studio Solution File, Format Version 12.00
# Visual Studio Version 17
VisualStudioVersion = 17.0.31903.59
MinimumVisualStudioVersion = 10.0.40219.1
Project("{FAE04EC0-301F-11D3-BF4B-00C04F79EFBC}") = "Banking", "Banking\Banking.csproj", "{45AD2A52-9871-4B1D-9354-F0A7B21FD458}"
EndProject
Project("{FAE04EC0-301F-11D3-BF4B-00C04F79EFBC}") = "TaskTwo", "TaskTwo\TaskTwo.csproj", "{1DD480CE-3047-4F42-8C66-4F4AC1FAEA24}"
EndProject
Global
	GlobalSection(SolutionConfigurationPlatforms) = preSolution
		Debug|Any CPU = Debug|Any CPU
		Release|Any CPU = Release|Any CPU
	EndGlobalSection
	GlobalSection(SolutionProperties) = preSolution
		HideSolutionNode = FALSE
	EndGlobalSection
	GlobalSection(ProjectConfigurationPlatforms) = postSolution
		{45AD2A52-9871-4B1D-9354-F0A7B21FD458}.Debug|Any CPU.ActiveCfg = Debug|Any CPU
		{45AD2A52-9871-4B1D-9354-F0A7B21FD458}.Debug|Any CPU.Build.0 = Debug|Any CPU
		{45AD2A52-9871-4B1D-9354-F0A7B21FD458}.Release|Any CPU.ActiveCfg = Release|Any CPU
		{45AD2A52-9871-4B1D-9354-F0A7B21FD458}.Release|Any CPU.Build.0 = Release|Any CPU
		{1DD480CE-3047-4F42-8C66-4F4AC1FAEA24}.Debug|Any CPU.ActiveCfg = Debug|Any CPU
		{1DD480CE-3047-4F42-8C66-4F4AC1FAEA24}.Debug|Any CPU.Build.0 = Debug|Any CPU
		{1DD480CE-3047-4F42-8C66-4F4AC1FAEA24}.Release|Any CPU.ActiveCfg = Release|Any CPU
		{1DD480CE-3047-4F42-8C66-4F4AC1FAEA24}.Release|Any CPU.Build.0 = Release|Any CPU
	EndGlobalSection
EndGlobal
